
Microsoft Visual Studio Solution File, Format Version 12.00
# Visual Studio Version 17
VisualStudioVersion = 17.5.33516.290
MinimumVisualStudioVersion = 10.0.40219.1
Project("{FAE04EC0-301F-11D3-BF4B-00C04F79EFBC}") = "hevc_video_server", "hevc_video_server\hevc_video_server.csproj", "{DE047202-A2AE-43C6-AEE4-94054EBF5B97}"
EndProject
Global
	GlobalSection(SolutionConfigurationPlatforms) = preSolution
		Debug|Any CPU = Debug|Any CPU
		Release|Any CPU = Release|Any CPU
	EndGlobalSection
	GlobalSection(ProjectConfigurationPlatforms) = postSolution
		{DE047202-A2AE-43C6-AEE4-94054EBF5B97}.Debug|Any CPU.ActiveCfg = Debug|Any CPU
		{DE047202-A2AE-43C6-AEE4-94054EBF5B97}.Debug|Any CPU.Build.0 = Debug|Any CPU
		{DE047202-A2AE-43C6-AEE4-94054EBF5B97}.Release|Any CPU.ActiveCfg = Release|Any CPU
		{DE047202-A2AE-43C6-AEE4-94054EBF5B97}.Release|Any CPU.Build.0 = Release|Any CPU
	EndGlobalSection
	GlobalSection(SolutionProperties) = preSolution
		HideSolutionNode = FALSE
	EndGlobalSection
	GlobalSection(ExtensibilityGlobals) = postSolution
		SolutionGuid = {E5DE3C35-AA06-4497-A015-79A783F77367}
	EndGlobalSection
EndGlobal
